
Microsoft Visual Studio Solution File, Format Version 12.00
# Visual Studio Version 16
VisualStudioVersion = 16.0.31321.278
MinimumVisualStudioVersion = 10.0.40219.1
Project("{FAE04EC0-301F-11D3-BF4B-00C04F79EFBC}") = "PCE", "PCE\PCE.csproj", "{61DFD811-E45C-4367-9213-A9CB74F0D446}"
EndProject
Global
	GlobalSection(SolutionConfigurationPlatforms) = preSolution
		Debug|Any CPU = Debug|Any CPU
		Debug|x64 = Debug|x64
		Release|Any CPU = Release|Any CPU
		Release|x64 = Release|x64
	EndGlobalSection
	GlobalSection(ProjectConfigurationPlatforms) = postSolution
		{61DFD811-E45C-4367-9213-A9CB74F0D446}.Debug|Any CPU.ActiveCfg = Debug|Any CPU
		{61DFD811-E45C-4367-9213-A9CB74F0D446}.Debug|Any CPU.Build.0 = Debug|Any CPU
		{61DFD811-E45C-4367-9213-A9CB74F0D446}.Debug|x64.ActiveCfg = Debug|Any CPU
		{61DFD811-E45C-4367-9213-A9CB74F0D446}.Debug|x64.Build.0 = Debug|Any CPU
		{61DFD811-E45C-4367-9213-A9CB74F0D446}.Release|Any CPU.ActiveCfg = Release|Any CPU
		{61DFD811-E45C-4367-9213-A9CB74F0D446}.Release|Any CPU.Build.0 = Release|Any CPU
		{61DFD811-E45C-4367-9213-A9CB74F0D446}.Release|x64.ActiveCfg = Release|Any CPU
		{61DFD811-E45C-4367-9213-A9CB74F0D446}.Release|x64.Build.0 = Release|Any CPU
	EndGlobalSection
	GlobalSection(SolutionProperties) = preSolution
		HideSolutionNode = FALSE
	EndGlobalSection
	GlobalSection(ExtensibilityGlobals) = postSolution
		SolutionGuid = {3DFFB826-4ED8-4236-8BA0-6EF358120D97}
	EndGlobalSection
EndGlobal
